
Microsoft Visual Studio Solution File, Format Version 12.00
# Visual Studio Version 17
VisualStudioVersion = 17.5.33424.131
MinimumVisualStudioVersion = 10.0.40219.1
Project("{9A19103F-16F7-4668-BE54-9A1E7A4F7556}") = "BookingApi", "..\BookingApi\BookingApi.csproj", "{2AD37EE8-6388-4801-AA52-EA0F443904FD}"
EndProject
Project("{9A19103F-16F7-4668-BE54-9A1E7A4F7556}") = "MovieTicketFunctionApp", "..\MovieTicketFunctionApp\MovieTicketFunctionApp.csproj", "{8B687083-95D8-475C-BB9B-21C80BEB100A}"
EndProject
Project("{FAE04EC0-301F-11D3-BF4B-00C04F79EFBC}") = "FunctionAppBooking", "FunctionAppBooking\FunctionAppBooking.csproj", "{9607761A-09B5-4556-BE6E-12EB9E4746D3}"
EndProject
Global
	GlobalSection(SolutionConfigurationPlatforms) = preSolution
		Debug|Any CPU = Debug|Any CPU
		Release|Any CPU = Release|Any CPU
	EndGlobalSection
	GlobalSection(ProjectConfigurationPlatforms) = postSolution
		{2AD37EE8-6388-4801-AA52-EA0F443904FD}.Debug|Any CPU.ActiveCfg = Debug|Any CPU
		{2AD37EE8-6388-4801-AA52-EA0F443904FD}.Debug|Any CPU.Build.0 = Debug|Any CPU
		{2AD37EE8-6388-4801-AA52-EA0F443904FD}.Release|Any CPU.ActiveCfg = Release|Any CPU
		{2AD37EE8-6388-4801-AA52-EA0F443904FD}.Release|Any CPU.Build.0 = Release|Any CPU
		{8B687083-95D8-475C-BB9B-21C80BEB100A}.Debug|Any CPU.ActiveCfg = Debug|Any CPU
		{8B687083-95D8-475C-BB9B-21C80BEB100A}.Debug|Any CPU.Build.0 = Debug|Any CPU
		{8B687083-95D8-475C-BB9B-21C80BEB100A}.Release|Any CPU.ActiveCfg = Release|Any CPU
		{8B687083-95D8-475C-BB9B-21C80BEB100A}.Release|Any CPU.Build.0 = Release|Any CPU
		{9607761A-09B5-4556-BE6E-12EB9E4746D3}.Debug|Any CPU.ActiveCfg = Debug|Any CPU
		{9607761A-09B5-4556-BE6E-12EB9E4746D3}.Debug|Any CPU.Build.0 = Debug|Any CPU
		{9607761A-09B5-4556-BE6E-12EB9E4746D3}.Release|Any CPU.ActiveCfg = Release|Any CPU
		{9607761A-09B5-4556-BE6E-12EB9E4746D3}.Release|Any CPU.Build.0 = Release|Any CPU
	EndGlobalSection
	GlobalSection(SolutionProperties) = preSolution
		HideSolutionNode = FALSE
	EndGlobalSection
	GlobalSection(ExtensibilityGlobals) = postSolution
		SolutionGuid = {3F86E311-C851-48A7-BEE9-764B3ADBA0B5}
	EndGlobalSection
EndGlobal
